// !$*UTF8*$!
{
	archiveVersion = 1;
	classes = {
	};
	objectVersion = 50;
	objects = {

/* Begin PBXBuildFile section */
		1A4B9BDC221B86460069E4CF /* ExchangeRateCellView.swift in Sources */ = {isa = PBXBuildFile; fileRef = 1A4B9BDB221B86460069E4CF /* ExchangeRateCellView.swift */; };
		1A4B9BE0221B8F980069E4CF /* ShadowedTextField.swift in Sources */ = {isa = PBXBuildFile; fileRef = 1A4B9BDF221B8F980069E4CF /* ShadowedTextField.swift */; };
		1A4B9BE3221B94BD0069E4CF /* UITableView+Utils.swift in Sources */ = {isa = PBXBuildFile; fileRef = 1A4B9BE2221B94BD0069E4CF /* UITableView+Utils.swift */; };
		1A695B39221CE75D0084C712 /* String+Utils.swift in Sources */ = {isa = PBXBuildFile; fileRef = 1A695B38221CE75D0084C712 /* String+Utils.swift */; };
		1A695B3C221CE81A0084C712 /* StringSpec.swift in Sources */ = {isa = PBXBuildFile; fileRef = 1A695B3B221CE81A0084C712 /* StringSpec.swift */; };
		1A695B3F221CEC460084C712 /* RateFormattedSpec.swift in Sources */ = {isa = PBXBuildFile; fileRef = 1A695B3E221CEC460084C712 /* RateFormattedSpec.swift */; };
		1A695B42221CF2B50084C712 /* CountryFlagsManager.swift in Sources */ = {isa = PBXBuildFile; fileRef = 1A695B41221CF2B50084C712 /* CountryFlagsManager.swift */; };
		1A695B44221CF2F10084C712 /* CountryFlagsManagerImpl.swift in Sources */ = {isa = PBXBuildFile; fileRef = 1A695B43221CF2F10084C712 /* CountryFlagsManagerImpl.swift */; };
		1A9B28AF220F55F70014FA3A /* ExchangeRatesService.swift in Sources */ = {isa = PBXBuildFile; fileRef = 1A9B28AE220F55F70014FA3A /* ExchangeRatesService.swift */; };
		1A9B28B1220F560C0014FA3A /* ExchangeRatesServiceImpl.swift in Sources */ = {isa = PBXBuildFile; fileRef = 1A9B28B0220F560C0014FA3A /* ExchangeRatesServiceImpl.swift */; };
		1A9B28B4220F58190014FA3A /* NetworkError.swift in Sources */ = {isa = PBXBuildFile; fileRef = 1A9B28B3220F58190014FA3A /* NetworkError.swift */; };
		1A9B28B9220FB9A30014FA3A /* LabelBuilder.swift in Sources */ = {isa = PBXBuildFile; fileRef = 1A9B28B8220FB9A30014FA3A /* LabelBuilder.swift */; };
		1A9B28BC220FC30B0014FA3A /* LabelDescriptor.swift in Sources */ = {isa = PBXBuildFile; fileRef = 1A9B28BB220FC30B0014FA3A /* LabelDescriptor.swift */; };
		1A9B28BF220FC4BB0014FA3A /* Label+Descriptor.swift in Sources */ = {isa = PBXBuildFile; fileRef = 1A9B28BE220FC4BB0014FA3A /* Label+Descriptor.swift */; };
		1A9B28C1220FC73B0014FA3A /* TitleLabelDescriptor.swift in Sources */ = {isa = PBXBuildFile; fileRef = 1A9B28C0220FC73B0014FA3A /* TitleLabelDescriptor.swift */; };
		1A9B28C52210B57D0014FA3A /* TableViewBuilder.swift in Sources */ = {isa = PBXBuildFile; fileRef = 1A9B28C42210B57D0014FA3A /* TableViewBuilder.swift */; };
		1A9B28C92210BCA90014FA3A /* ExchangeRateCell.swift in Sources */ = {isa = PBXBuildFile; fileRef = 1A9B28C82210BCA90014FA3A /* ExchangeRateCell.swift */; };
		1A9B28CC2210BD910014FA3A /* ImageViewBuilder.swift in Sources */ = {isa = PBXBuildFile; fileRef = 1A9B28CB2210BD910014FA3A /* ImageViewBuilder.swift */; };
		1A9B28CE2210C3340014FA3A /* SubTitleLabelDescriptor.swift in Sources */ = {isa = PBXBuildFile; fileRef = 1A9B28CD2210C3330014FA3A /* SubTitleLabelDescriptor.swift */; };
		1A9B28D22210DD950014FA3A /* ExchangeRatesViewModelSpec.swift in Sources */ = {isa = PBXBuildFile; fileRef = 1A9B28D12210DD950014FA3A /* ExchangeRatesViewModelSpec.swift */; };
		1A9B28D72210DE890014FA3A /* MockExchangeRateService.swift in Sources */ = {isa = PBXBuildFile; fileRef = 1A9B28D62210DE890014FA3A /* MockExchangeRateService.swift */; };
		1A9B28DC2210F0FC0014FA3A /* CurrencyNameManager.swift in Sources */ = {isa = PBXBuildFile; fileRef = 1A9B28DB2210F0FC0014FA3A /* CurrencyNameManager.swift */; };
		1A9B28DE2210F1D80014FA3A /* CurrencyNameManagerImpl.swift in Sources */ = {isa = PBXBuildFile; fileRef = 1A9B28DD2210F1D80014FA3A /* CurrencyNameManagerImpl.swift */; };
		1A9B28E02210F2EA0014FA3A /* DefaultContainer+Manager.swift in Sources */ = {isa = PBXBuildFile; fileRef = 1A9B28DF2210F2EA0014FA3A /* DefaultContainer+Manager.swift */; };
		1A9B28E4221103760014FA3A /* RateFormatted.swift in Sources */ = {isa = PBXBuildFile; fileRef = 1A9B28E3221103760014FA3A /* RateFormatted.swift */; };
		1AEC0BC8220A5B4400734977 /* AppDelegate.swift in Sources */ = {isa = PBXBuildFile; fileRef = 1AEC0BC7220A5B4400734977 /* AppDelegate.swift */; };
		1AEC0BCF220A5B4800734977 /* Assets.xcassets in Resources */ = {isa = PBXBuildFile; fileRef = 1AEC0BCE220A5B4800734977 /* Assets.xcassets */; };
		1AEC0BD2220A5B4800734977 /* LaunchScreen.storyboard in Resources */ = {isa = PBXBuildFile; fileRef = 1AEC0BD0220A5B4800734977 /* LaunchScreen.storyboard */; };
		1AEC0BDD220A5B4800734977 /* CurrenciesTests.swift in Sources */ = {isa = PBXBuildFile; fileRef = 1AEC0BDC220A5B4800734977 /* CurrenciesTests.swift */; };
		1AEC0BE8220A5B4800734977 /* CurrenciesUITests.swift in Sources */ = {isa = PBXBuildFile; fileRef = 1AEC0BE7220A5B4800734977 /* CurrenciesUITests.swift */; };
		1AEC0C01220A602300734977 /* Coordinator.swift in Sources */ = {isa = PBXBuildFile; fileRef = 1AEC0C00220A602300734977 /* Coordinator.swift */; };
		1AEC0C03220A604A00734977 /* CodeView.swift in Sources */ = {isa = PBXBuildFile; fileRef = 1AEC0C02220A604A00734977 /* CodeView.swift */; };
		1AEC0C05220A632000734977 /* DefaultContainer.swift in Sources */ = {isa = PBXBuildFile; fileRef = 1AEC0C04220A632000734977 /* DefaultContainer.swift */; };
		1AEC0C07220A634B00734977 /* DefaultContainer+Services.swift in Sources */ = {isa = PBXBuildFile; fileRef = 1AEC0C06220A634B00734977 /* DefaultContainer+Services.swift */; };
		1AEC0C09220A636F00734977 /* DefaultContainer+Repositories.swift in Sources */ = {isa = PBXBuildFile; fileRef = 1AEC0C08220A636F00734977 /* DefaultContainer+Repositories.swift */; };
		1AEC0C0B220A638D00734977 /* DefaultContainer+Views.swift in Sources */ = {isa = PBXBuildFile; fileRef = 1AEC0C0A220A638D00734977 /* DefaultContainer+Views.swift */; };
		1AEC0C0D220A65B800734977 /* AppCoordinator.swift in Sources */ = {isa = PBXBuildFile; fileRef = 1AEC0C0C220A65B800734977 /* AppCoordinator.swift */; };
		1AEC0C10220A694A00734977 /* ExchangeRatesView.swift in Sources */ = {isa = PBXBuildFile; fileRef = 1AEC0C0F220A694A00734977 /* ExchangeRatesView.swift */; };
		1AEC0C12220A696100734977 /* ExchangeRatesViewModel.swift in Sources */ = {isa = PBXBuildFile; fileRef = 1AEC0C11220A696100734977 /* ExchangeRatesViewModel.swift */; };
		1AEC0C14220A697A00734977 /* ExchangeRatesViewScreen.swift in Sources */ = {isa = PBXBuildFile; fileRef = 1AEC0C13220A697A00734977 /* ExchangeRatesViewScreen.swift */; };
		1AEC0C18220A70EB00734977 /* ExchangeRatesRepository.swift in Sources */ = {isa = PBXBuildFile; fileRef = 1AEC0C17220A70EB00734977 /* ExchangeRatesRepository.swift */; };
		1AEC0C1B220A717100734977 /* ExchangeRatesRouter.swift in Sources */ = {isa = PBXBuildFile; fileRef = 1AEC0C1A220A717100734977 /* ExchangeRatesRouter.swift */; };
		1AEC0C1D220A71FD00734977 /* Constants.swift in Sources */ = {isa = PBXBuildFile; fileRef = 1AEC0C1C220A71FD00734977 /* Constants.swift */; };
		1AEC0C1F220A749500734977 /* ExchangeRatesRepositoryImpl.swift in Sources */ = {isa = PBXBuildFile; fileRef = 1AEC0C1E220A749500734977 /* ExchangeRatesRepositoryImpl.swift */; };
		1AEC0C21220A7B3C00734977 /* RateResult.swift in Sources */ = {isa = PBXBuildFile; fileRef = 1AEC0C20220A7B3C00734977 /* RateResult.swift */; };
		338BA15490796F7964E5897A /* Pods_CurrenciesUITests.framework in Frameworks */ = {isa = PBXBuildFile; fileRef = D989D4BB2C716C6FA413FAEB /* Pods_CurrenciesUITests.framework */; };
		41FBA0F91599357689FD4B31 /* Pods_Currencies.framework in Frameworks */ = {isa = PBXBuildFile; fileRef = B2C36F3766C8C121AEB54006 /* Pods_Currencies.framework */; };
		743CBF3DC82966055DE03A70 /* Pods_CurrenciesTests.framework in Frameworks */ = {isa = PBXBuildFile; fileRef = 7982F794E22399988D6968B8 /* Pods_CurrenciesTests.framework */; };
/* End PBXBuildFile section */

/* Begin PBXContainerItemProxy section */
		1AEC0BD9220A5B4800734977 /* PBXContainerItemProxy */ = {
			isa = PBXContainerItemProxy;
			containerPortal = 1AEC0BBC220A5B4400734977 /* Project object */;
			proxyType = 1;
			remoteGlobalIDString = 1AEC0BC3220A5B4400734977;
			remoteInfo = Currencies;
		};
		1AEC0BE4220A5B4800734977 /* PBXContainerItemProxy */ = {
			isa = PBXContainerItemProxy;
			containerPortal = 1AEC0BBC220A5B4400734977 /* Project object */;
			proxyType = 1;
			remoteGlobalIDString = 1AEC0BC3220A5B4400734977;
			remoteInfo = Currencies;
		};
/* End PBXContainerItemProxy section */

/* Begin PBXFileReference section */
		0763FB93F2C5897092D3154E /* Pods-CurrenciesUITests.release.xcconfig */ = {isa = PBXFileReference; includeInIndex = 1; lastKnownFileType = text.xcconfig; name = "Pods-CurrenciesUITests.release.xcconfig"; path = "Pods/Target Support Files/Pods-CurrenciesUITests/Pods-CurrenciesUITests.release.xcconfig"; sourceTree = "<group>"; };
		1A4B9BDB221B86460069E4CF /* ExchangeRateCellView.swift */ = {isa = PBXFileReference; lastKnownFileType = sourcecode.swift; path = ExchangeRateCellView.swift; sourceTree = "<group>"; };
		1A4B9BDF221B8F980069E4CF /* ShadowedTextField.swift */ = {isa = PBXFileReference; lastKnownFileType = sourcecode.swift; path = ShadowedTextField.swift; sourceTree = "<group>"; };
		1A4B9BE2221B94BD0069E4CF /* UITableView+Utils.swift */ = {isa = PBXFileReference; lastKnownFileType = sourcecode.swift; path = "UITableView+Utils.swift"; sourceTree = "<group>"; };
		1A695B38221CE75D0084C712 /* String+Utils.swift */ = {isa = PBXFileReference; lastKnownFileType = sourcecode.swift; path = "String+Utils.swift"; sourceTree = "<group>"; };
		1A695B3B221CE81A0084C712 /* StringSpec.swift */ = {isa = PBXFileReference; lastKnownFileType = sourcecode.swift; path = StringSpec.swift; sourceTree = "<group>"; };
		1A695B3E221CEC460084C712 /* RateFormattedSpec.swift */ = {isa = PBXFileReference; lastKnownFileType = sourcecode.swift; path = RateFormattedSpec.swift; sourceTree = "<group>"; };
		1A695B41221CF2B50084C712 /* CountryFlagsManager.swift */ = {isa = PBXFileReference; lastKnownFileType = sourcecode.swift; path = CountryFlagsManager.swift; sourceTree = "<group>"; };
		1A695B43221CF2F10084C712 /* CountryFlagsManagerImpl.swift */ = {isa = PBXFileReference; lastKnownFileType = sourcecode.swift; path = CountryFlagsManagerImpl.swift; sourceTree = "<group>"; };
		1A9B28AE220F55F70014FA3A /* ExchangeRatesService.swift */ = {isa = PBXFileReference; lastKnownFileType = sourcecode.swift; path = ExchangeRatesService.swift; sourceTree = "<group>"; };
		1A9B28B0220F560C0014FA3A /* ExchangeRatesServiceImpl.swift */ = {isa = PBXFileReference; lastKnownFileType = sourcecode.swift; path = ExchangeRatesServiceImpl.swift; sourceTree = "<group>"; };
		1A9B28B3220F58190014FA3A /* NetworkError.swift */ = {isa = PBXFileReference; lastKnownFileType = sourcecode.swift; path = NetworkError.swift; sourceTree = "<group>"; };
		1A9B28B8220FB9A30014FA3A /* LabelBuilder.swift */ = {isa = PBXFileReference; lastKnownFileType = sourcecode.swift; path = LabelBuilder.swift; sourceTree = "<group>"; };
		1A9B28BB220FC30B0014FA3A /* LabelDescriptor.swift */ = {isa = PBXFileReference; lastKnownFileType = sourcecode.swift; path = LabelDescriptor.swift; sourceTree = "<group>"; };
		1A9B28BE220FC4BB0014FA3A /* Label+Descriptor.swift */ = {isa = PBXFileReference; lastKnownFileType = sourcecode.swift; path = "Label+Descriptor.swift"; sourceTree = "<group>"; };
		1A9B28C0220FC73B0014FA3A /* TitleLabelDescriptor.swift */ = {isa = PBXFileReference; lastKnownFileType = sourcecode.swift; path = TitleLabelDescriptor.swift; sourceTree = "<group>"; };
		1A9B28C42210B57D0014FA3A /* TableViewBuilder.swift */ = {isa = PBXFileReference; lastKnownFileType = sourcecode.swift; path = TableViewBuilder.swift; sourceTree = "<group>"; };
		1A9B28C82210BCA90014FA3A /* ExchangeRateCell.swift */ = {isa = PBXFileReference; lastKnownFileType = sourcecode.swift; path = ExchangeRateCell.swift; sourceTree = "<group>"; };
		1A9B28CB2210BD910014FA3A /* ImageViewBuilder.swift */ = {isa = PBXFileReference; lastKnownFileType = sourcecode.swift; path = ImageViewBuilder.swift; sourceTree = "<group>"; };
		1A9B28CD2210C3330014FA3A /* SubTitleLabelDescriptor.swift */ = {isa = PBXFileReference; lastKnownFileType = sourcecode.swift; path = SubTitleLabelDescriptor.swift; sourceTree = "<group>"; };
		1A9B28D12210DD950014FA3A /* ExchangeRatesViewModelSpec.swift */ = {isa = PBXFileReference; lastKnownFileType = sourcecode.swift; path = ExchangeRatesViewModelSpec.swift; sourceTree = "<group>"; };
		1A9B28D62210DE890014FA3A /* MockExchangeRateService.swift */ = {isa = PBXFileReference; lastKnownFileType = sourcecode.swift; path = MockExchangeRateService.swift; sourceTree = "<group>"; };
		1A9B28DB2210F0FC0014FA3A /* CurrencyNameManager.swift */ = {isa = PBXFileReference; lastKnownFileType = sourcecode.swift; path = CurrencyNameManager.swift; sourceTree = "<group>"; };
		1A9B28DD2210F1D80014FA3A /* CurrencyNameManagerImpl.swift */ = {isa = PBXFileReference; lastKnownFileType = sourcecode.swift; path = CurrencyNameManagerImpl.swift; sourceTree = "<group>"; };
		1A9B28DF2210F2EA0014FA3A /* DefaultContainer+Manager.swift */ = {isa = PBXFileReference; lastKnownFileType = sourcecode.swift; path = "DefaultContainer+Manager.swift"; sourceTree = "<group>"; };
		1A9B28E3221103760014FA3A /* RateFormatted.swift */ = {isa = PBXFileReference; lastKnownFileType = sourcecode.swift; path = RateFormatted.swift; sourceTree = "<group>"; };
		1AEC0BC4220A5B4400734977 /* Currencies.app */ = {isa = PBXFileReference; explicitFileType = wrapper.application; includeInIndex = 0; path = Currencies.app; sourceTree = BUILT_PRODUCTS_DIR; };
		1AEC0BC7220A5B4400734977 /* AppDelegate.swift */ = {isa = PBXFileReference; lastKnownFileType = sourcecode.swift; path = AppDelegate.swift; sourceTree = "<group>"; };
		1AEC0BCE220A5B4800734977 /* Assets.xcassets */ = {isa = PBXFileReference; lastKnownFileType = folder.assetcatalog; path = Assets.xcassets; sourceTree = "<group>"; };
		1AEC0BD1220A5B4800734977 /* Base */ = {isa = PBXFileReference; lastKnownFileType = file.storyboard; name = Base; path = Base.lproj/LaunchScreen.storyboard; sourceTree = "<group>"; };
		1AEC0BD3220A5B4800734977 /* Info.plist */ = {isa = PBXFileReference; lastKnownFileType = text.plist.xml; path = Info.plist; sourceTree = "<group>"; };
		1AEC0BD8220A5B4800734977 /* CurrenciesTests.xctest */ = {isa = PBXFileReference; explicitFileType = wrapper.cfbundle; includeInIndex = 0; path = CurrenciesTests.xctest; sourceTree = BUILT_PRODUCTS_DIR; };
		1AEC0BDC220A5B4800734977 /* CurrenciesTests.swift */ = {isa = PBXFileReference; lastKnownFileType = sourcecode.swift; path = CurrenciesTests.swift; sourceTree = "<group>"; };
		1AEC0BDE220A5B4800734977 /* Info.plist */ = {isa = PBXFileReference; lastKnownFileType = text.plist.xml; path = Info.plist; sourceTree = "<group>"; };
		1AEC0BE3220A5B4800734977 /* CurrenciesUITests.xctest */ = {isa = PBXFileReference; explicitFileType = wrapper.cfbundle; includeInIndex = 0; path = CurrenciesUITests.xctest; sourceTree = BUILT_PRODUCTS_DIR; };
		1AEC0BE7220A5B4800734977 /* CurrenciesUITests.swift */ = {isa = PBXFileReference; lastKnownFileType = sourcecode.swift; path = CurrenciesUITests.swift; sourceTree = "<group>"; };
		1AEC0BE9220A5B4800734977 /* Info.plist */ = {isa = PBXFileReference; lastKnownFileType = text.plist.xml; path = Info.plist; sourceTree = "<group>"; };
		1AEC0C00220A602300734977 /* Coordinator.swift */ = {isa = PBXFileReference; lastKnownFileType = sourcecode.swift; path = Coordinator.swift; sourceTree = "<group>"; };
		1AEC0C02220A604A00734977 /* CodeView.swift */ = {isa = PBXFileReference; lastKnownFileType = sourcecode.swift; path = CodeView.swift; sourceTree = "<group>"; };
		1AEC0C04220A632000734977 /* DefaultContainer.swift */ = {isa = PBXFileReference; lastKnownFileType = sourcecode.swift; path = DefaultContainer.swift; sourceTree = "<group>"; };
		1AEC0C06220A634B00734977 /* DefaultContainer+Services.swift */ = {isa = PBXFileReference; lastKnownFileType = sourcecode.swift; path = "DefaultContainer+Services.swift"; sourceTree = "<group>"; };
		1AEC0C08220A636F00734977 /* DefaultContainer+Repositories.swift */ = {isa = PBXFileReference; lastKnownFileType = sourcecode.swift; path = "DefaultContainer+Repositories.swift"; sourceTree = "<group>"; };
		1AEC0C0A220A638D00734977 /* DefaultContainer+Views.swift */ = {isa = PBXFileReference; lastKnownFileType = sourcecode.swift; path = "DefaultContainer+Views.swift"; sourceTree = "<group>"; };
		1AEC0C0C220A65B800734977 /* AppCoordinator.swift */ = {isa = PBXFileReference; lastKnownFileType = sourcecode.swift; path = AppCoordinator.swift; sourceTree = "<group>"; };
		1AEC0C0F220A694A00734977 /* ExchangeRatesView.swift */ = {isa = PBXFileReference; lastKnownFileType = sourcecode.swift; path = ExchangeRatesView.swift; sourceTree = "<group>"; };
		1AEC0C11220A696100734977 /* ExchangeRatesViewModel.swift */ = {isa = PBXFileReference; lastKnownFileType = sourcecode.swift; path = ExchangeRatesViewModel.swift; sourceTree = "<group>"; };
		1AEC0C13220A697A00734977 /* ExchangeRatesViewScreen.swift */ = {isa = PBXFileReference; lastKnownFileType = sourcecode.swift; path = ExchangeRatesViewScreen.swift; sourceTree = "<group>"; };
		1AEC0C17220A70EB00734977 /* ExchangeRatesRepository.swift */ = {isa = PBXFileReference; lastKnownFileType = sourcecode.swift; path = ExchangeRatesRepository.swift; sourceTree = "<group>"; };
		1AEC0C1A220A717100734977 /* ExchangeRatesRouter.swift */ = {isa = PBXFileReference; lastKnownFileType = sourcecode.swift; path = ExchangeRatesRouter.swift; sourceTree = "<group>"; };
		1AEC0C1C220A71FD00734977 /* Constants.swift */ = {isa = PBXFileReference; lastKnownFileType = sourcecode.swift; path = Constants.swift; sourceTree = "<group>"; };
		1AEC0C1E220A749500734977 /* ExchangeRatesRepositoryImpl.swift */ = {isa = PBXFileReference; lastKnownFileType = sourcecode.swift; path = ExchangeRatesRepositoryImpl.swift; sourceTree = "<group>"; };
		1AEC0C20220A7B3C00734977 /* RateResult.swift */ = {isa = PBXFileReference; lastKnownFileType = sourcecode.swift; path = RateResult.swift; sourceTree = "<group>"; };
		1D1D52F8C1988A1F11F69D03 /* Pods-CurrenciesTests.release.xcconfig */ = {isa = PBXFileReference; includeInIndex = 1; lastKnownFileType = text.xcconfig; name = "Pods-CurrenciesTests.release.xcconfig"; path = "Pods/Target Support Files/Pods-CurrenciesTests/Pods-CurrenciesTests.release.xcconfig"; sourceTree = "<group>"; };
		2C2138FCD4CB5EFEC166FC26 /* Pods-Currencies.release.xcconfig */ = {isa = PBXFileReference; includeInIndex = 1; lastKnownFileType = text.xcconfig; name = "Pods-Currencies.release.xcconfig"; path = "Pods/Target Support Files/Pods-Currencies/Pods-Currencies.release.xcconfig"; sourceTree = "<group>"; };
		7982F794E22399988D6968B8 /* Pods_CurrenciesTests.framework */ = {isa = PBXFileReference; explicitFileType = wrapper.framework; includeInIndex = 0; path = Pods_CurrenciesTests.framework; sourceTree = BUILT_PRODUCTS_DIR; };
		88DFE0F7290568AB151AFA1B /* Pods-Currencies.debug.xcconfig */ = {isa = PBXFileReference; includeInIndex = 1; lastKnownFileType = text.xcconfig; name = "Pods-Currencies.debug.xcconfig"; path = "Pods/Target Support Files/Pods-Currencies/Pods-Currencies.debug.xcconfig"; sourceTree = "<group>"; };
		913522FAE95625681492049D /* Pods-CurrenciesTests.debug.xcconfig */ = {isa = PBXFileReference; includeInIndex = 1; lastKnownFileType = text.xcconfig; name = "Pods-CurrenciesTests.debug.xcconfig"; path = "Pods/Target Support Files/Pods-CurrenciesTests/Pods-CurrenciesTests.debug.xcconfig"; sourceTree = "<group>"; };
		B2C36F3766C8C121AEB54006 /* Pods_Currencies.framework */ = {isa = PBXFileReference; explicitFileType = wrapper.framework; includeInIndex = 0; path = Pods_Currencies.framework; sourceTree = BUILT_PRODUCTS_DIR; };
		C7A2C527087092B93FE45A8C /* Pods-CurrenciesUITests.debug.xcconfig */ = {isa = PBXFileReference; includeInIndex = 1; lastKnownFileType = text.xcconfig; name = "Pods-CurrenciesUITests.debug.xcconfig"; path = "Pods/Target Support Files/Pods-CurrenciesUITests/Pods-CurrenciesUITests.debug.xcconfig"; sourceTree = "<group>"; };
		D989D4BB2C716C6FA413FAEB /* Pods_CurrenciesUITests.framework */ = {isa = PBXFileReference; explicitFileType = wrapper.framework; includeInIndex = 0; path = Pods_CurrenciesUITests.framework; sourceTree = BUILT_PRODUCTS_DIR; };
/* End PBXFileReference section */

/* Begin PBXFrameworksBuildPhase section */
		1AEC0BC1220A5B4400734977 /* Frameworks */ = {
			isa = PBXFrameworksBuildPhase;
			buildActionMask = 2147483647;
			files = (
				41FBA0F91599357689FD4B31 /* Pods_Currencies.framework in Frameworks */,
			);
			runOnlyForDeploymentPostprocessing = 0;
		};
		1AEC0BD5220A5B4800734977 /* Frameworks */ = {
			isa = PBXFrameworksBuildPhase;
			buildActionMask = 2147483647;
			files = (
				743CBF3DC82966055DE03A70 /* Pods_CurrenciesTests.framework in Frameworks */,
			);
			runOnlyForDeploymentPostprocessing = 0;
		};
		1AEC0BE0220A5B4800734977 /* Frameworks */ = {
			isa = PBXFrameworksBuildPhase;
			buildActionMask = 2147483647;
			files = (
				338BA15490796F7964E5897A /* Pods_CurrenciesUITests.framework in Frameworks */,
			);
			runOnlyForDeploymentPostprocessing = 0;
		};
/* End PBXFrameworksBuildPhase section */

/* Begin PBXGroup section */
		1A4B9BDD221B8F6C0069E4CF /* TextField */ = {
			isa = PBXGroup;
			children = (
				1A4B9BDE221B8F790069E4CF /* ShadowedTextField */,
			);
			path = TextField;
			sourceTree = "<group>";
		};
		1A4B9BDE221B8F790069E4CF /* ShadowedTextField */ = {
			isa = PBXGroup;
			children = (
				1A4B9BDF221B8F980069E4CF /* ShadowedTextField.swift */,
			);
			path = ShadowedTextField;
			sourceTree = "<group>";
		};
		1A4B9BE1221B94A50069E4CF /* Utils */ = {
			isa = PBXGroup;
			children = (
				1A4B9BE2221B94BD0069E4CF /* UITableView+Utils.swift */,
				1A695B38221CE75D0084C712 /* String+Utils.swift */,
			);
			path = Utils;
			sourceTree = "<group>";
		};
		1A695B3A221CE8070084C712 /* Utils */ = {
			isa = PBXGroup;
			children = (
				1A695B3B221CE81A0084C712 /* StringSpec.swift */,
			);
			path = Utils;
			sourceTree = "<group>";
		};
		1A695B3D221CEC330084C712 /* Formatter */ = {
			isa = PBXGroup;
			children = (
				1A695B3E221CEC460084C712 /* RateFormattedSpec.swift */,
			);
			path = Formatter;
			sourceTree = "<group>";
		};
		1A695B40221CF1BC0084C712 /* CountryFlagsManager */ = {
			isa = PBXGroup;
			children = (
				1A695B41221CF2B50084C712 /* CountryFlagsManager.swift */,
				1A695B43221CF2F10084C712 /* CountryFlagsManagerImpl.swift */,
			);
			path = CountryFlagsManager;
			sourceTree = "<group>";
		};
		1A9B28B2220F57EC0014FA3A /* Response */ = {
			isa = PBXGroup;
			children = (
				1A9B28B3220F58190014FA3A /* NetworkError.swift */,
			);
			path = Response;
			sourceTree = "<group>";
		};
		1A9B28B6220FB8F30014FA3A /* Builder */ = {
			isa = PBXGroup;
			children = (
				1A9B28B8220FB9A30014FA3A /* LabelBuilder.swift */,
			);
			name = Builder;
			sourceTree = "<group>";
		};
		1A9B28B7220FB94C0014FA3A /* Label */ = {
			isa = PBXGroup;
			children = (
				1A9B28B6220FB8F30014FA3A /* Builder */,
				1A9B28BD220FC43C0014FA3A /* Descriptor */,
			);
			name = Label;
			sourceTree = "<group>";
		};
		1A9B28BD220FC43C0014FA3A /* Descriptor */ = {
			isa = PBXGroup;
			children = (
				1A9B28BB220FC30B0014FA3A /* LabelDescriptor.swift */,
				1A9B28BE220FC4BB0014FA3A /* Label+Descriptor.swift */,
				1A9B28C0220FC73B0014FA3A /* TitleLabelDescriptor.swift */,
				1A9B28CD2210C3330014FA3A /* SubTitleLabelDescriptor.swift */,
			);
			name = Descriptor;
			sourceTree = "<group>";
		};
		1A9B28C22210B5470014FA3A /* TableView */ = {
			isa = PBXGroup;
			children = (
				1A9B28C32210B5690014FA3A /* Builder */,
			);
			name = TableView;
			sourceTree = "<group>";
		};
		1A9B28C32210B5690014FA3A /* Builder */ = {
			isa = PBXGroup;
			children = (
				1A9B28C42210B57D0014FA3A /* TableViewBuilder.swift */,
			);
			name = Builder;
			sourceTree = "<group>";
		};
		1A9B28C62210BC7A0014FA3A /* TableViewCell */ = {
			isa = PBXGroup;
			children = (
				1A9B28C72210BC820014FA3A /* ExchangeRateCell */,
			);
			path = TableViewCell;
			sourceTree = "<group>";
		};
		1A9B28C72210BC820014FA3A /* ExchangeRateCell */ = {
			isa = PBXGroup;
			children = (
				1A9B28C82210BCA90014FA3A /* ExchangeRateCell.swift */,
				1A4B9BDB221B86460069E4CF /* ExchangeRateCellView.swift */,
			);
			path = ExchangeRateCell;
			sourceTree = "<group>";
		};
		1A9B28CA2210BD7D0014FA3A /* ImageView */ = {
			isa = PBXGroup;
			children = (
				1A9B28CB2210BD910014FA3A /* ImageViewBuilder.swift */,
			);
			name = ImageView;
			sourceTree = "<group>";
		};
		1A9B28CF2210DD730014FA3A /* Modules */ = {
			isa = PBXGroup;
			children = (
				1A9B28D02210DD7B0014FA3A /* ExchangeRatesView */,
			);
			path = Modules;
			sourceTree = "<group>";
		};
		1A9B28D02210DD7B0014FA3A /* ExchangeRatesView */ = {
			isa = PBXGroup;
			children = (
				1A9B28D12210DD950014FA3A /* ExchangeRatesViewModelSpec.swift */,
			);
			path = ExchangeRatesView;
			sourceTree = "<group>";
		};
		1A9B28D32210DE500014FA3A /* Mocks */ = {
			isa = PBXGroup;
			children = (
				1A9B28D42210DE560014FA3A /* Services */,
			);
			path = Mocks;
			sourceTree = "<group>";
		};
		1A9B28D42210DE560014FA3A /* Services */ = {
			isa = PBXGroup;
			children = (
				1A9B28D62210DE890014FA3A /* MockExchangeRateService.swift */,
			);
			path = Services;
			sourceTree = "<group>";
		};
		1A9B28D82210F09F0014FA3A /* Repositories */ = {
			isa = PBXGroup;
			children = (
				1A695B40221CF1BC0084C712 /* CountryFlagsManager */,
				1A9B28DA2210F0C40014FA3A /* CountryNames */,
				1A9B28D92210F0B20014FA3A /* ExchangeRates */,
			);
			path = Repositories;
			sourceTree = "<group>";
		};
		1A9B28D92210F0B20014FA3A /* ExchangeRates */ = {
			isa = PBXGroup;
			children = (
				1AEC0C17220A70EB00734977 /* ExchangeRatesRepository.swift */,
				1AEC0C1E220A749500734977 /* ExchangeRatesRepositoryImpl.swift */,
			);
			path = ExchangeRates;
			sourceTree = "<group>";
		};
		1A9B28DA2210F0C40014FA3A /* CountryNames */ = {
			isa = PBXGroup;
			children = (
				1A9B28DB2210F0FC0014FA3A /* CurrencyNameManager.swift */,
				1A9B28DD2210F1D80014FA3A /* CurrencyNameManagerImpl.swift */,
			);
			path = CountryNames;
			sourceTree = "<group>";
		};
		1AEC0BBB220A5B4400734977 = {
			isa = PBXGroup;
			children = (
				1AEC0BC6220A5B4400734977 /* Currencies */,
				1AEC0BDB220A5B4800734977 /* CurrenciesTests */,
				1AEC0BE6220A5B4800734977 /* CurrenciesUITests */,
				1AEC0BC5220A5B4400734977 /* Products */,
				AA74A0E96351D1D17CFCA720 /* Pods */,
				91C93C99BCE8C7651EBA7FB0 /* Frameworks */,
			);
			sourceTree = "<group>";
		};
		1AEC0BC5220A5B4400734977 /* Products */ = {
			isa = PBXGroup;
			children = (
				1AEC0BC4220A5B4400734977 /* Currencies.app */,
				1AEC0BD8220A5B4800734977 /* CurrenciesTests.xctest */,
				1AEC0BE3220A5B4800734977 /* CurrenciesUITests.xctest */,
			);
			name = Products;
			sourceTree = "<group>";
		};
		1AEC0BC6220A5B4400734977 /* Currencies */ = {
			isa = PBXGroup;
			children = (
				1AEC0BC7220A5B4400734977 /* AppDelegate.swift */,
				1AEC0BCE220A5B4800734977 /* Assets.xcassets */,
				1AEC0BF8220A5E2900734977 /* CodeView */,
				1AEC0BF9220A5E5900734977 /* Components */,
				1AEC0BFB220A5E9100734977 /* Constants */,
				1AEC0BFD220A5EB400734977 /* Container */,
				1AEC0BFA220A5E7F00734977 /* Coordinator */,
				1AEC0BFC220A5E9B00734977 /* Entity */,
				1AEC0BD3220A5B4800734977 /* Info.plist */,
				1AEC0BD0220A5B4800734977 /* LaunchScreen.storyboard */,
				1AEC0BF5220A5E0600734977 /* Modules */,
				1AEC0BF6220A5E0F00734977 /* Networking */,
				1A9B28D82210F09F0014FA3A /* Repositories */,
				1AEC0BF7220A5E2200734977 /* Services */,
				1A4B9BE1221B94A50069E4CF /* Utils */,
			);
			path = Currencies;
			sourceTree = "<group>";
		};
		1AEC0BDB220A5B4800734977 /* CurrenciesTests */ = {
			isa = PBXGroup;
			children = (
				1A695B3D221CEC330084C712 /* Formatter */,
				1A695B3A221CE8070084C712 /* Utils */,
				1A9B28D32210DE500014FA3A /* Mocks */,
				1A9B28CF2210DD730014FA3A /* Modules */,
				1AEC0BDC220A5B4800734977 /* CurrenciesTests.swift */,
				1AEC0BDE220A5B4800734977 /* Info.plist */,
			);
			path = CurrenciesTests;
			sourceTree = "<group>";
		};
		1AEC0BE6220A5B4800734977 /* CurrenciesUITests */ = {
			isa = PBXGroup;
			children = (
				1AEC0BE7220A5B4800734977 /* CurrenciesUITests.swift */,
				1AEC0BE9220A5B4800734977 /* Info.plist */,
			);
			path = CurrenciesUITests;
			sourceTree = "<group>";
		};
		1AEC0BF5220A5E0600734977 /* Modules */ = {
			isa = PBXGroup;
			children = (
				1AEC0C0E220A68F300734977 /* ExchangeRatesView */,
			);
			path = Modules;
			sourceTree = "<group>";
		};
		1AEC0BF6220A5E0F00734977 /* Networking */ = {
			isa = PBXGroup;
			children = (
				1A9B28B2220F57EC0014FA3A /* Response */,
				1AEC0C16220A708800734977 /* ExchangeRates */,
			);
			path = Networking;
			sourceTree = "<group>";
		};
		1AEC0BF7220A5E2200734977 /* Services */ = {
			isa = PBXGroup;
			children = (
				1AEC0C15220A704900734977 /* ExchangeRates */,
			);
			path = Services;
			sourceTree = "<group>";
		};
		1AEC0BF8220A5E2900734977 /* CodeView */ = {
			isa = PBXGroup;
			children = (
				1A9B28CA2210BD7D0014FA3A /* ImageView */,
				1A9B28C22210B5470014FA3A /* TableView */,
				1A9B28B7220FB94C0014FA3A /* Label */,
				1AEC0C02220A604A00734977 /* CodeView.swift */,
			);
			path = CodeView;
			sourceTree = "<group>";
		};
		1AEC0BF9220A5E5900734977 /* Components */ = {
			isa = PBXGroup;
			children = (
				1A4B9BDD221B8F6C0069E4CF /* TextField */,
				1A9B28C62210BC7A0014FA3A /* TableViewCell */,
			);
			path = Components;
			sourceTree = "<group>";
		};
		1AEC0BFA220A5E7F00734977 /* Coordinator */ = {
			isa = PBXGroup;
			children = (
				1AEC0C00220A602300734977 /* Coordinator.swift */,
				1AEC0C0C220A65B800734977 /* AppCoordinator.swift */,
			);
			path = Coordinator;
			sourceTree = "<group>";
		};
		1AEC0BFB220A5E9100734977 /* Constants */ = {
			isa = PBXGroup;
			children = (
				1AEC0C1C220A71FD00734977 /* Constants.swift */,
			);
			path = Constants;
			sourceTree = "<group>";
		};
		1AEC0BFC220A5E9B00734977 /* Entity */ = {
			isa = PBXGroup;
			children = (
				1AEC0C20220A7B3C00734977 /* RateResult.swift */,
				1A9B28E3221103760014FA3A /* RateFormatted.swift */,
			);
			path = Entity;
			sourceTree = "<group>";
		};
		1AEC0BFD220A5EB400734977 /* Container */ = {
			isa = PBXGroup;
			children = (
				1AEC0C04220A632000734977 /* DefaultContainer.swift */,
				1AEC0C06220A634B00734977 /* DefaultContainer+Services.swift */,
				1AEC0C08220A636F00734977 /* DefaultContainer+Repositories.swift */,
				1AEC0C0A220A638D00734977 /* DefaultContainer+Views.swift */,
				1A9B28DF2210F2EA0014FA3A /* DefaultContainer+Manager.swift */,
			);
			path = Container;
			sourceTree = "<group>";
		};
		1AEC0C0E220A68F300734977 /* ExchangeRatesView */ = {
			isa = PBXGroup;
			children = (
				1AEC0C0F220A694A00734977 /* ExchangeRatesView.swift */,
				1AEC0C11220A696100734977 /* ExchangeRatesViewModel.swift */,
				1AEC0C13220A697A00734977 /* ExchangeRatesViewScreen.swift */,
			);
			path = ExchangeRatesView;
			sourceTree = "<group>";
		};
		1AEC0C15220A704900734977 /* ExchangeRates */ = {
			isa = PBXGroup;
			children = (
				1A9B28AE220F55F70014FA3A /* ExchangeRatesService.swift */,
				1A9B28B0220F560C0014FA3A /* ExchangeRatesServiceImpl.swift */,
			);
			path = ExchangeRates;
			sourceTree = "<group>";
		};
		1AEC0C16220A708800734977 /* ExchangeRates */ = {
			isa = PBXGroup;
			children = (
				1AEC0C1A220A717100734977 /* ExchangeRatesRouter.swift */,
			);
			path = ExchangeRates;
			sourceTree = "<group>";
		};
		91C93C99BCE8C7651EBA7FB0 /* Frameworks */ = {
			isa = PBXGroup;
			children = (
				B2C36F3766C8C121AEB54006 /* Pods_Currencies.framework */,
				7982F794E22399988D6968B8 /* Pods_CurrenciesTests.framework */,
				D989D4BB2C716C6FA413FAEB /* Pods_CurrenciesUITests.framework */,
			);
			name = Frameworks;
			sourceTree = "<group>";
		};
		AA74A0E96351D1D17CFCA720 /* Pods */ = {
			isa = PBXGroup;
			children = (
				88DFE0F7290568AB151AFA1B /* Pods-Currencies.debug.xcconfig */,
				2C2138FCD4CB5EFEC166FC26 /* Pods-Currencies.release.xcconfig */,
				913522FAE95625681492049D /* Pods-CurrenciesTests.debug.xcconfig */,
				1D1D52F8C1988A1F11F69D03 /* Pods-CurrenciesTests.release.xcconfig */,
				C7A2C527087092B93FE45A8C /* Pods-CurrenciesUITests.debug.xcconfig */,
				0763FB93F2C5897092D3154E /* Pods-CurrenciesUITests.release.xcconfig */,
			);
			name = Pods;
			sourceTree = "<group>";
		};
/* End PBXGroup section */

/* Begin PBXNativeTarget section */
		1AEC0BC3220A5B4400734977 /* Currencies */ = {
			isa = PBXNativeTarget;
			buildConfigurationList = 1AEC0BEC220A5B4800734977 /* Build configuration list for PBXNativeTarget "Currencies" */;
			buildPhases = (
				D901F614A4462313F46A9589 /* [CP] Check Pods Manifest.lock */,
				1AEC0BC0220A5B4400734977 /* Sources */,
				1AEC0BC1220A5B4400734977 /* Frameworks */,
				1AEC0BC2220A5B4400734977 /* Resources */,
				5D3DE282BF82235BF1FEB1FB /* [CP] Embed Pods Frameworks */,
			);
			buildRules = (
			);
			dependencies = (
			);
			name = Currencies;
			productName = Currencies;
			productReference = 1AEC0BC4220A5B4400734977 /* Currencies.app */;
			productType = "com.apple.product-type.application";
		};
		1AEC0BD7220A5B4800734977 /* CurrenciesTests */ = {
			isa = PBXNativeTarget;
			buildConfigurationList = 1AEC0BEF220A5B4800734977 /* Build configuration list for PBXNativeTarget "CurrenciesTests" */;
			buildPhases = (
				B6912D5D2D16DFFEF7462865 /* [CP] Check Pods Manifest.lock */,
				1AEC0BD4220A5B4800734977 /* Sources */,
				1AEC0BD5220A5B4800734977 /* Frameworks */,
				1AEC0BD6220A5B4800734977 /* Resources */,
				675E6C8E4C1565AB59DF40B7 /* [CP] Embed Pods Frameworks */,
			);
			buildRules = (
			);
			dependencies = (
				1AEC0BDA220A5B4800734977 /* PBXTargetDependency */,
			);
			name = CurrenciesTests;
			productName = CurrenciesTests;
			productReference = 1AEC0BD8220A5B4800734977 /* CurrenciesTests.xctest */;
			productType = "com.apple.product-type.bundle.unit-test";
		};
		1AEC0BE2220A5B4800734977 /* CurrenciesUITests */ = {
			isa = PBXNativeTarget;
			buildConfigurationList = 1AEC0BF2220A5B4800734977 /* Build configuration list for PBXNativeTarget "CurrenciesUITests" */;
			buildPhases = (
				30B0DE1BE1D613DAB2F4FEB2 /* [CP] Check Pods Manifest.lock */,
				1AEC0BDF220A5B4800734977 /* Sources */,
				1AEC0BE0220A5B4800734977 /* Frameworks */,
				1AEC0BE1220A5B4800734977 /* Resources */,
			);
			buildRules = (
			);
			dependencies = (
				1AEC0BE5220A5B4800734977 /* PBXTargetDependency */,
			);
			name = CurrenciesUITests;
			productName = CurrenciesUITests;
			productReference = 1AEC0BE3220A5B4800734977 /* CurrenciesUITests.xctest */;
			productType = "com.apple.product-type.bundle.ui-testing";
		};
/* End PBXNativeTarget section */

/* Begin PBXProject section */
		1AEC0BBC220A5B4400734977 /* Project object */ = {
			isa = PBXProject;
			attributes = {
				LastSwiftUpdateCheck = 1010;
				LastUpgradeCheck = 1010;
				ORGANIZATIONNAME = "Leonardo Piovezan";
				TargetAttributes = {
					1AEC0BC3220A5B4400734977 = {
						CreatedOnToolsVersion = 10.1;
					};
					1AEC0BD7220A5B4800734977 = {
						CreatedOnToolsVersion = 10.1;
						TestTargetID = 1AEC0BC3220A5B4400734977;
					};
					1AEC0BE2220A5B4800734977 = {
						CreatedOnToolsVersion = 10.1;
						TestTargetID = 1AEC0BC3220A5B4400734977;
					};
				};
			};
			buildConfigurationList = 1AEC0BBF220A5B4400734977 /* Build configuration list for PBXProject "Currencies" */;
			compatibilityVersion = "Xcode 9.3";
			developmentRegion = en;
			hasScannedForEncodings = 0;
			knownRegions = (
				en,
				Base,
			);
			mainGroup = 1AEC0BBB220A5B4400734977;
			productRefGroup = 1AEC0BC5220A5B4400734977 /* Products */;
			projectDirPath = "";
			projectRoot = "";
			targets = (
				1AEC0BC3220A5B4400734977 /* Currencies */,
				1AEC0BD7220A5B4800734977 /* CurrenciesTests */,
				1AEC0BE2220A5B4800734977 /* CurrenciesUITests */,
			);
		};
/* End PBXProject section */

/* Begin PBXResourcesBuildPhase section */
		1AEC0BC2220A5B4400734977 /* Resources */ = {
			isa = PBXResourcesBuildPhase;
			buildActionMask = 2147483647;
			files = (
				1AEC0BD2220A5B4800734977 /* LaunchScreen.storyboard in Resources */,
				1AEC0BCF220A5B4800734977 /* Assets.xcassets in Resources */,
			);
			runOnlyForDeploymentPostprocessing = 0;
		};
		1AEC0BD6220A5B4800734977 /* Resources */ = {
			isa = PBXResourcesBuildPhase;
			buildActionMask = 2147483647;
			files = (
			);
			runOnlyForDeploymentPostprocessing = 0;
		};
		1AEC0BE1220A5B4800734977 /* Resources */ = {
			isa = PBXResourcesBuildPhase;
			buildActionMask = 2147483647;
			files = (
			);
			runOnlyForDeploymentPostprocessing = 0;
		};
/* End PBXResourcesBuildPhase section */

/* Begin PBXShellScriptBuildPhase section */
		30B0DE1BE1D613DAB2F4FEB2 /* [CP] Check Pods Manifest.lock */ = {
			isa = PBXShellScriptBuildPhase;
			buildActionMask = 2147483647;
			files = (
			);
			inputFileListPaths = (
			);
			inputPaths = (
				"${PODS_PODFILE_DIR_PATH}/Podfile.lock",
				"${PODS_ROOT}/Manifest.lock",
			);
			name = "[CP] Check Pods Manifest.lock";
			outputFileListPaths = (
			);
			outputPaths = (
				"$(DERIVED_FILE_DIR)/Pods-CurrenciesUITests-checkManifestLockResult.txt",
			);
			runOnlyForDeploymentPostprocessing = 0;
			shellPath = /bin/sh;
			shellScript = "diff \"${PODS_PODFILE_DIR_PATH}/Podfile.lock\" \"${PODS_ROOT}/Manifest.lock\" > /dev/null\nif [ $? != 0 ] ; then\n    # print error to STDERR\n    echo \"error: The sandbox is not in sync with the Podfile.lock. Run 'pod install' or update your CocoaPods installation.\" >&2\n    exit 1\nfi\n# This output is used by Xcode 'outputs' to avoid re-running this script phase.\necho \"SUCCESS\" > \"${SCRIPT_OUTPUT_FILE_0}\"\n";
			showEnvVarsInLog = 0;
		};
		5D3DE282BF82235BF1FEB1FB /* [CP] Embed Pods Frameworks */ = {
			isa = PBXShellScriptBuildPhase;
			buildActionMask = 2147483647;
			files = (
			);
			inputFileListPaths = (
			);
			inputPaths = (
				"${SRCROOT}/Pods/Target Support Files/Pods-Currencies/Pods-Currencies-frameworks.sh",
				"${BUILT_PRODUCTS_DIR}/Alamofire/Alamofire.framework",
				"${BUILT_PRODUCTS_DIR}/FlagKit/FlagKit.framework",
				"${BUILT_PRODUCTS_DIR}/Moya/Moya.framework",
				"${BUILT_PRODUCTS_DIR}/Result/Result.framework",
				"${BUILT_PRODUCTS_DIR}/SnapKit/SnapKit.framework",
				"${BUILT_PRODUCTS_DIR}/Swinject/Swinject.framework",
			);
			name = "[CP] Embed Pods Frameworks";
			outputFileListPaths = (
			);
			outputPaths = (
				"${TARGET_BUILD_DIR}/${FRAMEWORKS_FOLDER_PATH}/Alamofire.framework",
				"${TARGET_BUILD_DIR}/${FRAMEWORKS_FOLDER_PATH}/FlagKit.framework",
				"${TARGET_BUILD_DIR}/${FRAMEWORKS_FOLDER_PATH}/Moya.framework",
				"${TARGET_BUILD_DIR}/${FRAMEWORKS_FOLDER_PATH}/Result.framework",
				"${TARGET_BUILD_DIR}/${FRAMEWORKS_FOLDER_PATH}/SnapKit.framework",
				"${TARGET_BUILD_DIR}/${FRAMEWORKS_FOLDER_PATH}/Swinject.framework",
			);
			runOnlyForDeploymentPostprocessing = 0;
			shellPath = /bin/sh;
			shellScript = "\"${SRCROOT}/Pods/Target Support Files/Pods-Currencies/Pods-Currencies-frameworks.sh\"\n";
			showEnvVarsInLog = 0;
		};
		675E6C8E4C1565AB59DF40B7 /* [CP] Embed Pods Frameworks */ = {
			isa = PBXShellScriptBuildPhase;
			buildActionMask = 2147483647;
			files = (
			);
			inputFileListPaths = (
			);
			inputPaths = (
				"${SRCROOT}/Pods/Target Support Files/Pods-CurrenciesTests/Pods-CurrenciesTests-frameworks.sh",
				"${BUILT_PRODUCTS_DIR}/KIF/KIF.framework",
				"${BUILT_PRODUCTS_DIR}/Nimble/Nimble.framework",
				"${BUILT_PRODUCTS_DIR}/Nimble-Snapshots/Nimble_Snapshots.framework",
				"${BUILT_PRODUCTS_DIR}/Quick/Quick.framework",
				"${BUILT_PRODUCTS_DIR}/iOSSnapshotTestCase/FBSnapshotTestCase.framework",
			);
			name = "[CP] Embed Pods Frameworks";
			outputFileListPaths = (
			);
			outputPaths = (
				"${TARGET_BUILD_DIR}/${FRAMEWORKS_FOLDER_PATH}/KIF.framework",
				"${TARGET_BUILD_DIR}/${FRAMEWORKS_FOLDER_PATH}/Nimble.framework",
				"${TARGET_BUILD_DIR}/${FRAMEWORKS_FOLDER_PATH}/Nimble_Snapshots.framework",
				"${TARGET_BUILD_DIR}/${FRAMEWORKS_FOLDER_PATH}/Quick.framework",
				"${TARGET_BUILD_DIR}/${FRAMEWORKS_FOLDER_PATH}/FBSnapshotTestCase.framework",
			);
			runOnlyForDeploymentPostprocessing = 0;
			shellPath = /bin/sh;
			shellScript = "\"${SRCROOT}/Pods/Target Support Files/Pods-CurrenciesTests/Pods-CurrenciesTests-frameworks.sh\"\n";
			showEnvVarsInLog = 0;
		};
		B6912D5D2D16DFFEF7462865 /* [CP] Check Pods Manifest.lock */ = {
			isa = PBXShellScriptBuildPhase;
			buildActionMask = 2147483647;
			files = (
			);
			inputFileListPaths = (
			);
			inputPaths = (
				"${PODS_PODFILE_DIR_PATH}/Podfile.lock",
				"${PODS_ROOT}/Manifest.lock",
			);
			name = "[CP] Check Pods Manifest.lock";
			outputFileListPaths = (
			);
			outputPaths = (
				"$(DERIVED_FILE_DIR)/Pods-CurrenciesTests-checkManifestLockResult.txt",
			);
			runOnlyForDeploymentPostprocessing = 0;
			shellPath = /bin/sh;
			shellScript = "diff \"${PODS_PODFILE_DIR_PATH}/Podfile.lock\" \"${PODS_ROOT}/Manifest.lock\" > /dev/null\nif [ $? != 0 ] ; then\n    # print error to STDERR\n    echo \"error: The sandbox is not in sync with the Podfile.lock. Run 'pod install' or update your CocoaPods installation.\" >&2\n    exit 1\nfi\n# This output is used by Xcode 'outputs' to avoid re-running this script phase.\necho \"SUCCESS\" > \"${SCRIPT_OUTPUT_FILE_0}\"\n";
			showEnvVarsInLog = 0;
		};
		D901F614A4462313F46A9589 /* [CP] Check Pods Manifest.lock */ = {
			isa = PBXShellScriptBuildPhase;
			buildActionMask = 2147483647;
			files = (
			);
			inputFileListPaths = (
			);
			inputPaths = (
				"${PODS_PODFILE_DIR_PATH}/Podfile.lock",
				"${PODS_ROOT}/Manifest.lock",
			);
			name = "[CP] Check Pods Manifest.lock";
			outputFileListPaths = (
			);
			outputPaths = (
				"$(DERIVED_FILE_DIR)/Pods-Currencies-checkManifestLockResult.txt",
			);
			runOnlyForDeploymentPostprocessing = 0;
			shellPath = /bin/sh;
			shellScript = "diff \"${PODS_PODFILE_DIR_PATH}/Podfile.lock\" \"${PODS_ROOT}/Manifest.lock\" > /dev/null\nif [ $? != 0 ] ; then\n    # print error to STDERR\n    echo \"error: The sandbox is not in sync with the Podfile.lock. Run 'pod install' or update your CocoaPods installation.\" >&2\n    exit 1\nfi\n# This output is used by Xcode 'outputs' to avoid re-running this script phase.\necho \"SUCCESS\" > \"${SCRIPT_OUTPUT_FILE_0}\"\n";
			showEnvVarsInLog = 0;
		};
/* End PBXShellScriptBuildPhase section */

/* Begin PBXSourcesBuildPhase section */
		1AEC0BC0220A5B4400734977 /* Sources */ = {
			isa = PBXSourcesBuildPhase;
			buildActionMask = 2147483647;
			files = (
				1A9B28E4221103760014FA3A /* RateFormatted.swift in Sources */,
				1A9B28B1220F560C0014FA3A /* ExchangeRatesServiceImpl.swift in Sources */,
				1A9B28E02210F2EA0014FA3A /* DefaultContainer+Manager.swift in Sources */,
				1AEC0C14220A697A00734977 /* ExchangeRatesViewScreen.swift in Sources */,
				1AEC0C0B220A638D00734977 /* DefaultContainer+Views.swift in Sources */,
				1A695B39221CE75D0084C712 /* String+Utils.swift in Sources */,
				1AEC0C03220A604A00734977 /* CodeView.swift in Sources */,
				1A9B28AF220F55F70014FA3A /* ExchangeRatesService.swift in Sources */,
				1A9B28C92210BCA90014FA3A /* ExchangeRateCell.swift in Sources */,
				1A9B28CC2210BD910014FA3A /* ImageViewBuilder.swift in Sources */,
				1AEC0C05220A632000734977 /* DefaultContainer.swift in Sources */,
				1AEC0C18220A70EB00734977 /* ExchangeRatesRepository.swift in Sources */,
				1A695B42221CF2B50084C712 /* CountryFlagsManager.swift in Sources */,
				1AEC0C1F220A749500734977 /* ExchangeRatesRepositoryImpl.swift in Sources */,
				1A4B9BE0221B8F980069E4CF /* ShadowedTextField.swift in Sources */,
				1AEC0C01220A602300734977 /* Coordinator.swift in Sources */,
				1A9B28C1220FC73B0014FA3A /* TitleLabelDescriptor.swift in Sources */,
				1AEC0C0D220A65B800734977 /* AppCoordinator.swift in Sources */,
				1AEC0C12220A696100734977 /* ExchangeRatesViewModel.swift in Sources */,
				1AEC0C09220A636F00734977 /* DefaultContainer+Repositories.swift in Sources */,
				1A9B28DE2210F1D80014FA3A /* CurrencyNameManagerImpl.swift in Sources */,
				1AEC0C21220A7B3C00734977 /* RateResult.swift in Sources */,
				1A695B44221CF2F10084C712 /* CountryFlagsManagerImpl.swift in Sources */,
				1A9B28BF220FC4BB0014FA3A /* Label+Descriptor.swift in Sources */,
				1AEC0BC8220A5B4400734977 /* AppDelegate.swift in Sources */,
				1AEC0C10220A694A00734977 /* ExchangeRatesView.swift in Sources */,
				1AEC0C1D220A71FD00734977 /* Constants.swift in Sources */,
				1A9B28B9220FB9A30014FA3A /* LabelBuilder.swift in Sources */,
				1A9B28C52210B57D0014FA3A /* TableViewBuilder.swift in Sources */,
				1A9B28BC220FC30B0014FA3A /* LabelDescriptor.swift in Sources */,
				1A9B28DC2210F0FC0014FA3A /* CurrencyNameManager.swift in Sources */,
				1A9B28CE2210C3340014FA3A /* SubTitleLabelDescriptor.swift in Sources */,
				1AEC0C07220A634B00734977 /* DefaultContainer+Services.swift in Sources */,
				1AEC0C1B220A717100734977 /* ExchangeRatesRouter.swift in Sources */,
				1A4B9BE3221B94BD0069E4CF /* UITableView+Utils.swift in Sources */,
				1A9B28B4220F58190014FA3A /* NetworkError.swift in Sources */,
				1A4B9BDC221B86460069E4CF /* ExchangeRateCellView.swift in Sources */,
			);
			runOnlyForDeploymentPostprocessing = 0;
		};
		1AEC0BD4220A5B4800734977 /* Sources */ = {
			isa = PBXSourcesBuildPhase;
			buildActionMask = 2147483647;
			files = (
				1A695B3F221CEC460084C712 /* RateFormattedSpec.swift in Sources */,
				1A9B28D72210DE890014FA3A /* MockExchangeRateService.swift in Sources */,
				1A695B3C221CE81A0084C712 /* StringSpec.swift in Sources */,
				1A9B28D22210DD950014FA3A /* ExchangeRatesViewModelSpec.swift in Sources */,
				1AEC0BDD220A5B4800734977 /* CurrenciesTests.swift in Sources */,
			);
			runOnlyForDeploymentPostprocessing = 0;
		};
		1AEC0BDF220A5B4800734977 /* Sources */ = {
			isa = PBXSourcesBuildPhase;
			buildActionMask = 2147483647;
			files = (
				1AEC0BE8220A5B4800734977 /* CurrenciesUITests.swift in Sources */,
			);
			runOnlyForDeploymentPostprocessing = 0;
		};
/* End PBXSourcesBuildPhase section */

/* Begin PBXTargetDependency section */
		1AEC0BDA220A5B4800734977 /* PBXTargetDependency */ = {
			isa = PBXTargetDependency;
			target = 1AEC0BC3220A5B4400734977 /* Currencies */;
			targetProxy = 1AEC0BD9220A5B4800734977 /* PBXContainerItemProxy */;
		};
		1AEC0BE5220A5B4800734977 /* PBXTargetDependency */ = {
			isa = PBXTargetDependency;
			target = 1AEC0BC3220A5B4400734977 /* Currencies */;
			targetProxy = 1AEC0BE4220A5B4800734977 /* PBXContainerItemProxy */;
		};
/* End PBXTargetDependency section */

/* Begin PBXVariantGroup section */
		1AEC0BD0220A5B4800734977 /* LaunchScreen.storyboard */ = {
			isa = PBXVariantGroup;
			children = (
				1AEC0BD1220A5B4800734977 /* Base */,
			);
			name = LaunchScreen.storyboard;
			sourceTree = "<group>";
		};
/* End PBXVariantGroup section */

/* Begin XCBuildConfiguration section */
		1AEC0BEA220A5B4800734977 /* Debug */ = {
			isa = XCBuildConfiguration;
			buildSettings = {
				ALWAYS_SEARCH_USER_PATHS = NO;
				CLANG_ANALYZER_NONNULL = YES;
				CLANG_ANALYZER_NUMBER_OBJECT_CONVERSION = YES_AGGRESSIVE;
				CLANG_CXX_LANGUAGE_STANDARD = "gnu++14";
				CLANG_CXX_LIBRARY = "libc++";
				CLANG_ENABLE_MODULES = YES;
				CLANG_ENABLE_OBJC_ARC = YES;
				CLANG_ENABLE_OBJC_WEAK = YES;
				CLANG_WARN_BLOCK_CAPTURE_AUTORELEASING = YES;
				CLANG_WARN_BOOL_CONVERSION = YES;
				CLANG_WARN_COMMA = YES;
				CLANG_WARN_CONSTANT_CONVERSION = YES;
				CLANG_WARN_DEPRECATED_OBJC_IMPLEMENTATIONS = YES;
				CLANG_WARN_DIRECT_OBJC_ISA_USAGE = YES_ERROR;
				CLANG_WARN_DOCUMENTATION_COMMENTS = YES;
				CLANG_WARN_EMPTY_BODY = YES;
				CLANG_WARN_ENUM_CONVERSION = YES;
				CLANG_WARN_INFINITE_RECURSION = YES;
				CLANG_WARN_INT_CONVERSION = YES;
				CLANG_WARN_NON_LITERAL_NULL_CONVERSION = YES;
				CLANG_WARN_OBJC_IMPLICIT_RETAIN_SELF = YES;
				CLANG_WARN_OBJC_LITERAL_CONVERSION = YES;
				CLANG_WARN_OBJC_ROOT_CLASS = YES_ERROR;
				CLANG_WARN_RANGE_LOOP_ANALYSIS = YES;
				CLANG_WARN_STRICT_PROTOTYPES = YES;
				CLANG_WARN_SUSPICIOUS_MOVE = YES;
				CLANG_WARN_UNGUARDED_AVAILABILITY = YES_AGGRESSIVE;
				CLANG_WARN_UNREACHABLE_CODE = YES;
				CLANG_WARN__DUPLICATE_METHOD_MATCH = YES;
				CODE_SIGN_IDENTITY = "iPhone Developer";
				COPY_PHASE_STRIP = NO;
				DEBUG_INFORMATION_FORMAT = dwarf;
				ENABLE_STRICT_OBJC_MSGSEND = YES;
				ENABLE_TESTABILITY = YES;
				GCC_C_LANGUAGE_STANDARD = gnu11;
				GCC_DYNAMIC_NO_PIC = NO;
				GCC_NO_COMMON_BLOCKS = YES;
				GCC_OPTIMIZATION_LEVEL = 0;
				GCC_PREPROCESSOR_DEFINITIONS = (
					"DEBUG=1",
					"$(inherited)",
				);
				GCC_WARN_64_TO_32_BIT_CONVERSION = YES;
				GCC_WARN_ABOUT_RETURN_TYPE = YES_ERROR;
				GCC_WARN_UNDECLARED_SELECTOR = YES;
				GCC_WARN_UNINITIALIZED_AUTOS = YES_AGGRESSIVE;
				GCC_WARN_UNUSED_FUNCTION = YES;
				GCC_WARN_UNUSED_VARIABLE = YES;
				IPHONEOS_DEPLOYMENT_TARGET = 12.1;
				MTL_ENABLE_DEBUG_INFO = INCLUDE_SOURCE;
				MTL_FAST_MATH = YES;
				ONLY_ACTIVE_ARCH = YES;
				SDKROOT = iphoneos;
				SWIFT_ACTIVE_COMPILATION_CONDITIONS = DEBUG;
				SWIFT_OPTIMIZATION_LEVEL = "-Onone";
			};
			name = Debug;
		};
		1AEC0BEB220A5B4800734977 /* Release */ = {
			isa = XCBuildConfiguration;
			buildSettings = {
				ALWAYS_SEARCH_USER_PATHS = NO;
				CLANG_ANALYZER_NONNULL = YES;
				CLANG_ANALYZER_NUMBER_OBJECT_CONVERSION = YES_AGGRESSIVE;
				CLANG_CXX_LANGUAGE_STANDARD = "gnu++14";
				CLANG_CXX_LIBRARY = "libc++";
				CLANG_ENABLE_MODULES = YES;
				CLANG_ENABLE_OBJC_ARC = YES;
				CLANG_ENABLE_OBJC_WEAK = YES;
				CLANG_WARN_BLOCK_CAPTURE_AUTORELEASING = YES;
				CLANG_WARN_BOOL_CONVERSION = YES;
				CLANG_WARN_COMMA = YES;
				CLANG_WARN_CONSTANT_CONVERSION = YES;
				CLANG_WARN_DEPRECATED_OBJC_IMPLEMENTATIONS = YES;
				CLANG_WARN_DIRECT_OBJC_ISA_USAGE = YES_ERROR;
				CLANG_WARN_DOCUMENTATION_COMMENTS = YES;
				CLANG_WARN_EMPTY_BODY = YES;
				CLANG_WARN_ENUM_CONVERSION = YES;
				CLANG_WARN_INFINITE_RECURSION = YES;
				CLANG_WARN_INT_CONVERSION = YES;
				CLANG_WARN_NON_LITERAL_NULL_CONVERSION = YES;
				CLANG_WARN_OBJC_IMPLICIT_RETAIN_SELF = YES;
				CLANG_WARN_OBJC_LITERAL_CONVERSION = YES;
				CLANG_WARN_OBJC_ROOT_CLASS = YES_ERROR;
				CLANG_WARN_RANGE_LOOP_ANALYSIS = YES;
				CLANG_WARN_STRICT_PROTOTYPES = YES;
				CLANG_WARN_SUSPICIOUS_MOVE = YES;
				CLANG_WARN_UNGUARDED_AVAILABILITY = YES_AGGRESSIVE;
				CLANG_WARN_UNREACHABLE_CODE = YES;
				CLANG_WARN__DUPLICATE_METHOD_MATCH = YES;
				CODE_SIGN_IDENTITY = "iPhone Developer";
				COPY_PHASE_STRIP = NO;
				DEBUG_INFORMATION_FORMAT = "dwarf-with-dsym";
				ENABLE_NS_ASSERTIONS = NO;
				ENABLE_STRICT_OBJC_MSGSEND = YES;
				GCC_C_LANGUAGE_STANDARD = gnu11;
				GCC_NO_COMMON_BLOCKS = YES;
				GCC_WARN_64_TO_32_BIT_CONVERSION = YES;
				GCC_WARN_ABOUT_RETURN_TYPE = YES_ERROR;
				GCC_WARN_UNDECLARED_SELECTOR = YES;
				GCC_WARN_UNINITIALIZED_AUTOS = YES_AGGRESSIVE;
				GCC_WARN_UNUSED_FUNCTION = YES;
				GCC_WARN_UNUSED_VARIABLE = YES;
				IPHONEOS_DEPLOYMENT_TARGET = 12.1;
				MTL_ENABLE_DEBUG_INFO = NO;
				MTL_FAST_MATH = YES;
				SDKROOT = iphoneos;
				SWIFT_COMPILATION_MODE = wholemodule;
				SWIFT_OPTIMIZATION_LEVEL = "-O";
				VALIDATE_PRODUCT = YES;
			};
			name = Release;
		};
		1AEC0BED220A5B4800734977 /* Debug */ = {
			isa = XCBuildConfiguration;
			baseConfigurationReference = 88DFE0F7290568AB151AFA1B /* Pods-Currencies.debug.xcconfig */;
			buildSettings = {
				ASSETCATALOG_COMPILER_APPICON_NAME = AppIcon;
				CODE_SIGN_STYLE = Automatic;
				DEVELOPMENT_TEAM = CA952UST77;
				INFOPLIST_FILE = Currencies/Info.plist;
				LD_RUNPATH_SEARCH_PATHS = (
					"$(inherited)",
					"@executable_path/Frameworks",
				);
				PRODUCT_BUNDLE_IDENTIFIER = com.piovezan.CurrenciesAppLeo;
				PRODUCT_NAME = "$(TARGET_NAME)";
				SWIFT_VERSION = 4.2;
				TARGETED_DEVICE_FAMILY = "1,2";
			};
			name = Debug;
		};
		1AEC0BEE220A5B4800734977 /* Release */ = {
			isa = XCBuildConfiguration;
			baseConfigurationReference = 2C2138FCD4CB5EFEC166FC26 /* Pods-Currencies.release.xcconfig */;
			buildSettings = {
				ASSETCATALOG_COMPILER_APPICON_NAME = AppIcon;
				CODE_SIGN_STYLE = Automatic;
				DEVELOPMENT_TEAM = CA952UST77;
				INFOPLIST_FILE = Currencies/Info.plist;
				LD_RUNPATH_SEARCH_PATHS = (
					"$(inherited)",
					"@executable_path/Frameworks",
				);
				PRODUCT_BUNDLE_IDENTIFIER = com.piovezan.CurrenciesAppLeo;
				PRODUCT_NAME = "$(TARGET_NAME)";
				SWIFT_VERSION = 4.2;
				TARGETED_DEVICE_FAMILY = "1,2";
			};
			name = Release;
		};
		1AEC0BF0220A5B4800734977 /* Debug */ = {
			isa = XCBuildConfiguration;
			baseConfigurationReference = 913522FAE95625681492049D /* Pods-CurrenciesTests.debug.xcconfig */;
			buildSettings = {
				ALWAYS_EMBED_SWIFT_STANDARD_LIBRARIES = YES;
				BUNDLE_LOADER = "$(TEST_HOST)";
				CODE_SIGN_STYLE = Automatic;
				INFOPLIST_FILE = CurrenciesTests/Info.plist;
				LD_RUNPATH_SEARCH_PATHS = (
					"$(inherited)",
					"@executable_path/Frameworks",
					"@loader_path/Frameworks",
				);
				PRODUCT_BUNDLE_IDENTIFIER = com.piovezan.CurrenciesTests;
				PRODUCT_NAME = "$(TARGET_NAME)";
				SWIFT_VERSION = 4.2;
				TARGETED_DEVICE_FAMILY = "1,2";
				TEST_HOST = "$(BUILT_PRODUCTS_DIR)/Currencies.app/Currencies";
			};
			name = Debug;
		};
		1AEC0BF1220A5B4800734977 /* Release */ = {
			isa = XCBuildConfiguration;
			baseConfigurationReference = 1D1D52F8C1988A1F11F69D03 /* Pods-CurrenciesTests.release.xcconfig */;
			buildSettings = {
				ALWAYS_EMBED_SWIFT_STANDARD_LIBRARIES = YES;
				BUNDLE_LOADER = "$(TEST_HOST)";
				CODE_SIGN_STYLE = Automatic;
				INFOPLIST_FILE = CurrenciesTests/Info.plist;
				LD_RUNPATH_SEARCH_PATHS = (
					"$(inherited)",
					"@executable_path/Frameworks",
					"@loader_path/Frameworks",
				);
				PRODUCT_BUNDLE_IDENTIFIER = com.piovezan.CurrenciesTests;
				PRODUCT_NAME = "$(TARGET_NAME)";
				SWIFT_VERSION = 4.2;
				TARGETED_DEVICE_FAMILY = "1,2";
				TEST_HOST = "$(BUILT_PRODUCTS_DIR)/Currencies.app/Currencies";
			};
			name = Release;
		};
		1AEC0BF3220A5B4800734977 /* Debug */ = {
			isa = XCBuildConfiguration;
			baseConfigurationReference = C7A2C527087092B93FE45A8C /* Pods-CurrenciesUITests.debug.xcconfig */;
			buildSettings = {
				ALWAYS_EMBED_SWIFT_STANDARD_LIBRARIES = YES;
				CODE_SIGN_STYLE = Automatic;
				INFOPLIST_FILE = CurrenciesUITests/Info.plist;
				LD_RUNPATH_SEARCH_PATHS = (
					"$(inherited)",
					"@executable_path/Frameworks",
					"@loader_path/Frameworks",
				);
				PRODUCT_BUNDLE_IDENTIFIER = com.piovezan.CurrenciesUITests;
				PRODUCT_NAME = "$(TARGET_NAME)";
				SWIFT_VERSION = 4.2;
				TARGETED_DEVICE_FAMILY = "1,2";
				TEST_TARGET_NAME = Currencies;
			};
			name = Debug;
		};
		1AEC0BF4220A5B4800734977 /* Release */ = {
			isa = XCBuildConfiguration;
			baseConfigurationReference = 0763FB93F2C5897092D3154E /* Pods-CurrenciesUITests.release.xcconfig */;
			buildSettings = {
				ALWAYS_EMBED_SWIFT_STANDARD_LIBRARIES = YES;
				CODE_SIGN_STYLE = Automatic;
				INFOPLIST_FILE = CurrenciesUITests/Info.plist;
				LD_RUNPATH_SEARCH_PATHS = (
					"$(inherited)",
					"@executable_path/Frameworks",
					"@loader_path/Frameworks",
				);
				PRODUCT_BUNDLE_IDENTIFIER = com.piovezan.CurrenciesUITests;
				PRODUCT_NAME = "$(TARGET_NAME)";
				SWIFT_VERSION = 4.2;
				TARGETED_DEVICE_FAMILY = "1,2";
				TEST_TARGET_NAME = Currencies;
			};
			name = Release;
		};
/* End XCBuildConfiguration section */

/* Begin XCConfigurationList section */
		1AEC0BBF220A5B4400734977 /* Build configuration list for PBXProject "Currencies" */ = {
			isa = XCConfigurationList;
			buildConfigurations = (
				1AEC0BEA220A5B4800734977 /* Debug */,
				1AEC0BEB220A5B4800734977 /* Release */,
			);
			defaultConfigurationIsVisible = 0;
			defaultConfigurationName = Release;
		};
		1AEC0BEC220A5B4800734977 /* Build configuration list for PBXNativeTarget "Currencies" */ = {
			isa = XCConfigurationList;
			buildConfigurations = (
				1AEC0BED220A5B4800734977 /* Debug */,
				1AEC0BEE220A5B4800734977 /* Release */,
			);
			defaultConfigurationIsVisible = 0;
			defaultConfigurationName = Release;
		};
		1AEC0BEF220A5B4800734977 /* Build configuration list for PBXNativeTarget "CurrenciesTests" */ = {
			isa = XCConfigurationList;
			buildConfigurations = (
				1AEC0BF0220A5B4800734977 /* Debug */,
				1AEC0BF1220A5B4800734977 /* Release */,
			);
			defaultConfigurationIsVisible = 0;
			defaultConfigurationName = Release;
		};
		1AEC0BF2220A5B4800734977 /* Build configuration list for PBXNativeTarget "CurrenciesUITests" */ = {
			isa = XCConfigurationList;
			buildConfigurations = (
				1AEC0BF3220A5B4800734977 /* Debug */,
				1AEC0BF4220A5B4800734977 /* Release */,
			);
			defaultConfigurationIsVisible = 0;
			defaultConfigurationName = Release;
		};
/* End XCConfigurationList section */
	};
	rootObject = 1AEC0BBC220A5B4400734977 /* Project object */;
}
